{
  "object": {
    "pins": [
      {
        "package": "swift-numerics",
        "repositoryURL": "https://github.com/apple/swift-numerics",
        "state": {
          "branch": null,
          "revision": "0c0290ff6b24942dadb83a929ffaaa1481df04a2",
          "version": "1.1.1"
        }
      }
    ]
  },
  "version": 1
}
